PODS:
  - BohdiEngine (1.1.11)
  - GoogleToolboxForMac/Defines (2.1.0)
  - GoogleToolboxForMac/Logger (2.1.0):
    - GoogleToolboxForMac/Defines (= 2.1.0)
  - GTMSessionFetcher/Core (1.1.6)
  - GVRKit (1.120.0):
    - GVRSDK (= 1.120.0)
  - GVRSDK (1.120.0):
    - GoogleToolboxForMac/Logger (= 2.1.0)
    - GTMSessionFetcher/Core (= 1.1.6)

DEPENDENCIES:
  - BohdiEngine
  - GVRKit

SPEC CHECKSUMS:
  BohdiEngine: b7b59c2230efbea1400137851ccc81c61c9bc26f
  GoogleToolboxForMac: 2b2596cbb7186865e98cadf2b1e262d851c2b168
  GTMSessionFetcher: 6aacd0ab48ddf0c3633ab2642d792abfcad1b08a
  GVRKit: 424e48fafa9f8a6249a14ffda48d2f1dbe3d9def
  GVRSDK: 0cb9d0ce06a84d698e61e3db9509766022dcf815

PODFILE CHECKSUM: 7bbdb2fda726ae17c103bebec5a3d873124a0452

COCOAPODS: 1.4.0
